
Microsoft Visual Studio Solution File, Format Version 11.00
# Visual Studio 2010
Project("{FAE04EC0-301F-11D3-BF4B-00C04F79EFBC}") = "Assembly-CSharp", "Assembly-CSharp.csproj", "{e22ec96c-7ec9-3721-c111-f092707b90b5}"
EndProject
Project("{FAE04EC0-301F-11D3-BF4B-00C04F79EFBC}") = "Assembly-CSharp-Editor", "Assembly-CSharp-Editor.csproj", "{24f8fc3c-41e3-1efe-8c1f-b6374807ff30}"
EndProject
Global
	GlobalSection(SolutionConfigurationPlatforms) = preSolution
		Debug|Any CPU = Debug|Any CPU
	EndGlobalSection
	GlobalSection(ProjectConfigurationPlatforms) = postSolution
		{e22ec96c-7ec9-3721-c111-f092707b90b5}.Debug|Any CPU.ActiveCfg = Debug|Any CPU
		{e22ec96c-7ec9-3721-c111-f092707b90b5}.Debug|Any CPU.Build.0 = Debug|Any CPU
		{24f8fc3c-41e3-1efe-8c1f-b6374807ff30}.Debug|Any CPU.ActiveCfg = Debug|Any CPU
		{24f8fc3c-41e3-1efe-8c1f-b6374807ff30}.Debug|Any CPU.Build.0 = Debug|Any CPU
	EndGlobalSection
	GlobalSection(SolutionProperties) = preSolution
		HideSolutionNode = FALSE
	EndGlobalSection
EndGlobal
