
Microsoft Visual Studio Solution File, Format Version 12.00
# Visual Studio 15
Project("{FAE04EC0-301F-11D3-BF4B-00C04F79EFBC}") = "Assembly-CSharp", "Assembly-CSharp.csproj", "{623BF2C8-1198-A9D1-79F8-876D6D326235}"
EndProject
Project("{FAE04EC0-301F-11D3-BF4B-00C04F79EFBC}") = "Assembly-CSharp-Editor", "Assembly-CSharp-Editor.csproj", "{8F993FDB-5059-C01E-AA12-C5B9CC6980AF}"
EndProject
Global
	GlobalSection(SolutionConfigurationPlatforms) = preSolution
		Debug|Any CPU = Debug|Any CPU
		Release|Any CPU = Release|Any CPU
	EndGlobalSection
	GlobalSection(ProjectConfigurationPlatforms) = postSolution
		{623BF2C8-1198-A9D1-79F8-876D6D326235}.Debug|Any CPU.ActiveCfg = Debug|Any CPU
		{623BF2C8-1198-A9D1-79F8-876D6D326235}.Debug|Any CPU.Build.0 = Debug|Any CPU
		{623BF2C8-1198-A9D1-79F8-876D6D326235}.Release|Any CPU.ActiveCfg = Release|Any CPU
		{623BF2C8-1198-A9D1-79F8-876D6D326235}.Release|Any CPU.Build.0 = Release|Any CPU
		{8F993FDB-5059-C01E-AA12-C5B9CC6980AF}.Debug|Any CPU.ActiveCfg = Debug|Any CPU
		{8F993FDB-5059-C01E-AA12-C5B9CC6980AF}.Debug|Any CPU.Build.0 = Debug|Any CPU
		{8F993FDB-5059-C01E-AA12-C5B9CC6980AF}.Release|Any CPU.ActiveCfg = Release|Any CPU
		{8F993FDB-5059-C01E-AA12-C5B9CC6980AF}.Release|Any CPU.Build.0 = Release|Any CPU
	EndGlobalSection
	GlobalSection(SolutionProperties) = preSolution
		HideSolutionNode = FALSE
	EndGlobalSection
EndGlobal
